
Microsoft Visual Studio Solution File, Format Version 12.00
# Visual Studio Version 17
VisualStudioVersion = 17.9.34723.18
MinimumVisualStudioVersion = 10.0.40219.1
Project("{FAE04EC0-301F-11D3-BF4B-00C04F79EFBC}") = "writeArrayToFile", "writeArrayToFile\writeArrayToFile.csproj", "{CDD6D375-C6E2-40BE-9E91-8BA648F8A8EB}"
EndProject
Global
	GlobalSection(SolutionConfigurationPlatforms) = preSolution
		Debug|Any CPU = Debug|Any CPU
		Release|Any CPU = Release|Any CPU
	EndGlobalSection
	GlobalSection(ProjectConfigurationPlatforms) = postSolution
		{CDD6D375-C6E2-40BE-9E91-8BA648F8A8EB}.Debug|Any CPU.ActiveCfg = Debug|Any CPU
		{CDD6D375-C6E2-40BE-9E91-8BA648F8A8EB}.Debug|Any CPU.Build.0 = Debug|Any CPU
		{CDD6D375-C6E2-40BE-9E91-8BA648F8A8EB}.Release|Any CPU.ActiveCfg = Release|Any CPU
		{CDD6D375-C6E2-40BE-9E91-8BA648F8A8EB}.Release|Any CPU.Build.0 = Release|Any CPU
	EndGlobalSection
	GlobalSection(SolutionProperties) = preSolution
		HideSolutionNode = FALSE
	EndGlobalSection
	GlobalSection(ExtensibilityGlobals) = postSolution
		SolutionGuid = {51917E58-0087-4D44-A2A8-6F38C0B9F70C}
	EndGlobalSection
EndGlobal
