
Microsoft Visual Studio Solution File, Format Version 12.00
# Visual Studio Version 17
VisualStudioVersion = 17.9.34723.18
MinimumVisualStudioVersion = 10.0.40219.1
Project("{FAE04EC0-301F-11D3-BF4B-00C04F79EFBC}") = "nameFormatter", "nameFormatter\nameFormatter.csproj", "{03B28AA4-B61E-4D4E-BB43-E92F149D68D8}"
EndProject
Global
	GlobalSection(SolutionConfigurationPlatforms) = preSolution
		Debug|Any CPU = Debug|Any CPU
		Release|Any CPU = Release|Any CPU
	EndGlobalSection
	GlobalSection(ProjectConfigurationPlatforms) = postSolution
		{03B28AA4-B61E-4D4E-BB43-E92F149D68D8}.Debug|Any CPU.ActiveCfg = Debug|Any CPU
		{03B28AA4-B61E-4D4E-BB43-E92F149D68D8}.Debug|Any CPU.Build.0 = Debug|Any CPU
		{03B28AA4-B61E-4D4E-BB43-E92F149D68D8}.Release|Any CPU.ActiveCfg = Release|Any CPU
		{03B28AA4-B61E-4D4E-BB43-E92F149D68D8}.Release|Any CPU.Build.0 = Release|Any CPU
	EndGlobalSection
	GlobalSection(SolutionProperties) = preSolution
		HideSolutionNode = FALSE
	EndGlobalSection
	GlobalSection(ExtensibilityGlobals) = postSolution
		SolutionGuid = {A2C3A436-C4D7-478C-B986-2540A24A59D2}
	EndGlobalSection
EndGlobal
